
Microsoft Visual Studio Solution File, Format Version 11.00
# Visual Studio 2010
Project("{FAE04EC0-301F-11D3-BF4B-00C04F79EFBC}") = "CRUDRepository.Repository", "CRUDRepository.Repository\CRUDRepository.Repository.csproj", "{1ED6507D-B48B-4A6C-A461-BC35AFCC7150}"
EndProject
Global
	GlobalSection(SolutionConfigurationPlatforms) = preSolution
		Debug|Any CPU = Debug|Any CPU
		Release|Any CPU = Release|Any CPU
	EndGlobalSection
	GlobalSection(ProjectConfigurationPlatforms) = postSolution
		{1ED6507D-B48B-4A6C-A461-BC35AFCC7150}.Debug|Any CPU.ActiveCfg = Debug|Any CPU
		{1ED6507D-B48B-4A6C-A461-BC35AFCC7150}.Debug|Any CPU.Build.0 = Debug|Any CPU
		{1ED6507D-B48B-4A6C-A461-BC35AFCC7150}.Release|Any CPU.ActiveCfg = Release|Any CPU
		{1ED6507D-B48B-4A6C-A461-BC35AFCC7150}.Release|Any CPU.Build.0 = Release|Any CPU
	EndGlobalSection
	GlobalSection(SolutionProperties) = preSolution
		HideSolutionNode = FALSE
	EndGlobalSection
EndGlobal
